GEM
  remote: https://rubygems.org/
  specs:
    albino (1.3.3)
      posix-spawn (>= 0.3.6)
    bigdecimal (4.0.1)
    classifier (2.3.2)
      fast-stemmer (~> 1.0)
      matrix
      mutex_m (~> 0.2)
      rake
    csv (3.3.5)
    directory_watcher (1.5.1)
    fast-stemmer (1.0.2)
    jekyll (0.11.0)
      albino (>= 1.3.2)
      classifier (>= 1.3.1)
      directory_watcher (>= 1.1.1)
      kramdown (>= 0.13.2)
      liquid (>= 1.9.0)
      maruku (>= 0.5.9)
    kramdown (2.5.2)
      rexml (>= 3.4.4)
    liquid (5.12.0)
      bigdecimal
      strscan (>= 3.1.1)
    maruku (0.7.3)
    matrix (0.4.3)
    mutex_m (0.3.0)
    posix-spawn (0.3.15)
    rake (13.3.1)
    rexml (3.4.4)
    rouge (4.7.0)
    safe_yaml (1.0.5)
    strscan (3.1.7)
    webrick (1.9.2)

PLATFORMS
  x86_64-linux

DEPENDENCIES
  bigdecimal
  csv
  jekyll
  liquid
  rouge
  safe_yaml
  webrick

BUNDLED WITH
   2.6.6
